
Microsoft Visual Studio Solution File, Format Version 12.00
# Visual Studio Version 17
VisualStudioVersion = 17.7.34018.315
MinimumVisualStudioVersion = 10.0.40219.1
Project("{FAE04EC0-301F-11D3-BF4B-00C04F79EFBC}") = "ProblemNo.3", "ProblemNo.3\ProblemNo.3.csproj", "{20A57FBC-3B4F-41E9-8D64-1920E96D489E}"
EndProject
Global
	GlobalSection(SolutionConfigurationPlatforms) = preSolution
		Debug|Any CPU = Debug|Any CPU
		Release|Any CPU = Release|Any CPU
	EndGlobalSection
	GlobalSection(ProjectConfigurationPlatforms) = postSolution
		{20A57FBC-3B4F-41E9-8D64-1920E96D489E}.Debug|Any CPU.ActiveCfg = Debug|Any CPU
		{20A57FBC-3B4F-41E9-8D64-1920E96D489E}.Debug|Any CPU.Build.0 = Debug|Any CPU
		{20A57FBC-3B4F-41E9-8D64-1920E96D489E}.Release|Any CPU.ActiveCfg = Release|Any CPU
		{20A57FBC-3B4F-41E9-8D64-1920E96D489E}.Release|Any CPU.Build.0 = Release|Any CPU
	EndGlobalSection
	GlobalSection(SolutionProperties) = preSolution
		HideSolutionNode = FALSE
	EndGlobalSection
	GlobalSection(ExtensibilityGlobals) = postSolution
		SolutionGuid = {BA0879AC-ABDF-4E0A-A0FE-03E42C881137}
	EndGlobalSection
EndGlobal
